
Microsoft Visual Studio Solution File, Format Version 12.00
# Visual Studio 15
VisualStudioVersion = 15.0.27428.2027
MinimumVisualStudioVersion = 10.0.40219.1
Project("{FAE04EC0-301F-11D3-BF4B-00C04F79EFBC}") = "lvl1_lesson7_hw", "lvl1_lesson7_hw\lvl1_lesson7_hw.csproj", "{F5098AFB-85AB-46C5-AD74-2B0AF1F19452}"
EndProject
Global
	GlobalSection(SolutionConfigurationPlatforms) = preSolution
		Debug|Any CPU = Debug|Any CPU
		Release|Any CPU = Release|Any CPU
	EndGlobalSection
	GlobalSection(ProjectConfigurationPlatforms) = postSolution
		{F5098AFB-85AB-46C5-AD74-2B0AF1F19452}.Debug|Any CPU.ActiveCfg = Debug|Any CPU
		{F5098AFB-85AB-46C5-AD74-2B0AF1F19452}.Debug|Any CPU.Build.0 = Debug|Any CPU
		{F5098AFB-85AB-46C5-AD74-2B0AF1F19452}.Release|Any CPU.ActiveCfg = Release|Any CPU
		{F5098AFB-85AB-46C5-AD74-2B0AF1F19452}.Release|Any CPU.Build.0 = Release|Any CPU
	EndGlobalSection
	GlobalSection(SolutionProperties) = preSolution
		HideSolutionNode = FALSE
	EndGlobalSection
	GlobalSection(ExtensibilityGlobals) = postSolution
		SolutionGuid = {80A00FF3-597E-4223-A431-439FCBC18F6B}
	EndGlobalSection
EndGlobal
